bundle: B
title: 'Bundle B Verb Unlock (L4-7)'
lessons:
- 4
- 5
- 6
- 7
cards:
- id: L4-001
  type: transformation
  tier: primary
  front_en: I want
  back_es: quiero
  hint: -o = I
  rule_ref: L4#2
  lessons:
  - 4
  directions:
  - en_es
  - es_en
- id: L4-002
  type: transformation
  tier: primary
  front_en: I don't want
  back_es: no quiero
  hint: no goes in front · same order as English
  rule_ref: L4#3
  lessons:
  - 4
  directions:
  - en_es
  - es_en
- id: L4-003
  type: transformation
  tier: primary
  front_en: I love you (everyday)
  back_es: te quiero
  hint: literally 'I want you' · friends/lovers
  rule_ref: L4#1
  lessons:
  - 4
  directions:
  - en_es
  - es_en
- id: L4-004
  type: transformation
  tier: primary
  front_en: you (informal, object)
  back_es: te
  hint: /teh/ — strip from te quiero
  rule_ref: L4#1, L4#2
  lessons:
  - 4
  directions:
  - en_es
  - es_en
- id: L4-006
  type: transformation
  tier: primary
  front_en: passion
  back_es: pasión
  hint: -sion → -sión · single s · no /sh/
  rule_ref: L4#4, L4#8
  lessons:
  - 4
  directions:
  - en_es
  - es_en
- id: L4-007
  type: transformation
  tier: primary
  front_en: preparation
  back_es: preparación
  hint: -tion → -ción · /pre-pa-ra-SIÓN/
  rule_ref: L4#5, L4#6
  lessons:
  - 4
  directions:
  - en_es
  - es_en
- id: L4-008
  type: transformation
  tier: primary
  front_en: organization
  back_es: organización
  hint: -tion → -ción · /or-ga-ni-sa-CIÓN/
  rule_ref: L4#5, L4#6
  lessons:
  - 4
  directions:
  - en_es
  - es_en
- id: L4-009
  type: transformation
  tier: primary
  front_en: generation
  back_es: generación
  hint: -tion → -ción · /j/→/kh/
  rule_ref: L4#5, L3#7
  lessons:
  - 3
  - 4
  directions:
  - en_es
  - es_en
- id: L4-010
  type: transformation
  tier: primary
  front_en: confirmation
  back_es: confirmación
  hint: con + firma (signature) — with signing
  rule_ref: L4#5, L4#12
  lessons:
  - 4
  directions:
  - en_es
  - es_en
- id: L4-011
  type: transformation
  tier: primary
  front_en: complication
  back_es: complicación
  hint: com- stays before p · plicare = to fold
  rule_ref: L4#5, L4#13
  lessons:
  - 4
  directions:
  - en_es
  - es_en
- id: L4-012
  type: transformation
  tier: primary
  front_en: to prepare
  back_es: preparar
  hint: -ación → -ar · drop -ción add -r
  rule_ref: L4#9, L4#11
  lessons:
  - 4
  directions:
  - en_es
  - es_en
- id: L4-013
  type: transformation
  tier: primary
  front_en: to generate
  back_es: generar
  hint: -ación → -ar · /khe-ne-RAR/
  rule_ref: L4#9, L3#7
  lessons:
  - 3
  - 4
  directions:
  - en_es
  - es_en
- id: L4-014
  type: transformation
  tier: primary
  front_en: to confirm
  back_es: confirmar
  hint: -ación → -ar
  rule_ref: L4#9
  lessons:
  - 4
  directions:
  - en_es
  - es_en
- id: L4-015
  type: transformation
  tier: primary
  front_en: to complicate
  back_es: complicar
  hint: -ación → -ar
  rule_ref: L4#9
  lessons:
  - 4
  directions:
  - en_es
  - es_en
- id: L4-016
  type: transformation
  tier: primary
  front_en: to sign
  back_es: firmar
  rule_ref: L4#9, L4#12
  lessons:
  - 4
  directions:
  - en_es
  - es_en
- id: L4-017
  type: transformation
  tier: primary
  front_en: with
  back_es: con
  hint: com- before p, con- elsewhere
  rule_ref: L4#13
  lessons:
  - 4
  directions:
  - en_es
  - es_en
- id: L4-018
  type: transformation
  tier: primary
  front_en: signature
  back_es: firma
  hint: cousin of confirmación
  rule_ref: L4#12
  lessons:
  - 4
  directions:
  - en_es
  - es_en
- id: L4-019
  type: sentence
  tier: primary
  front_en: I want to prepare.
  back_es: Quiero preparar.
  hint: -o = I · -ación → -ar
  rule_ref: L4#2, L4#9
  lessons:
  - 4
  directions:
  - en_es
  - es_en
- id: L4-020
  type: sentence
  tier: primary
  front_en: I don't want.
  back_es: No quiero.
  rule_ref: L4#3
  lessons:
  - 4
  directions:
  - en_es
  - es_en
- id: L4-021
  type: sentence
  tier: primary
  front_en: I don't want to complicate.
  back_es: No quiero complicar.
  rule_ref: L4#3, L4#9
  lessons:
  - 4
  directions:
  - en_es
  - es_en
- id: L4-022
  type: transformation
  tier: extended
  front_en: nation
  back_es: nación
  hint: -tion → -ción
  rule_ref: L4#5
  lessons:
  - 4
  directions:
  - en_es
  - es_en
- id: L4-023
  type: transformation
  tier: extended
  front_en: education
  back_es: educación
  hint: -tion → -ción
  rule_ref: L4#5
  lessons:
  - 4
  directions:
  - en_es
  - es_en
- id: L4-024
  type: transformation
  tier: extended
  front_en: to educate
  back_es: educar
  hint: -ación → -ar
  rule_ref: L4#9
  lessons:
  - 4
  directions:
  - en_es
  - es_en
- id: L4-025
  type: transformation
  tier: extended
  front_en: invitation
  back_es: invitación
  hint: -tion → -ción
  rule_ref: L4#5
  lessons:
  - 4
  directions:
  - en_es
  - es_en
- id: L4-026
  type: transformation
  tier: extended
  front_en: to invite
  back_es: invitar
  hint: -ación → -ar
  rule_ref: L4#9
  lessons:
  - 4
  directions:
  - en_es
  - es_en
- id: L4-027
  type: transformation
  tier: extended
  front_en: to organize
  back_es: organizar
  hint: -ación → -ar · z = /s/
  rule_ref: L4#9, L4#7
  lessons:
  - 4
  directions:
  - en_es
  - es_en
- id: L4-028
  type: transformation
  tier: extended
  front_en: to converse
  back_es: conversar
  hint: -ación → -ar
  rule_ref: L4#9
  lessons:
  - 4
  directions:
  - en_es
  - es_en
- id: L4-029
  type: sentence
  tier: extended
  front_en: I want to organize.
  back_es: Quiero organizar.
  rule_ref: L4#2, L4#9
  lessons:
  - 4
  directions:
  - en_es
  - es_en
- id: L4-030
  type: sentence
  tier: extended
  front_en: I don't want to confirm.
  back_es: No quiero confirmar.
  rule_ref: L4#3, L4#9
  lessons:
  - 4
  directions:
  - en_es
  - es_en
- id: L4-200
  type: transformation
  tier: primary
  front_en: urgent
  back_es: urgente
  hint: '-ent → -ente'
  rule_ref: 'L3#1'
  lessons:
  - 3
  - 4
  directions:
  - en_es
  - es_en
- id: L4-201
  type: transformation
  tier: primary
  front_en: urgently
  back_es: urgentemente
  hint: '-ent → -ente · then + -mente'
  rule_ref: 'L3#1, L3#3'
  lessons:
  - 3
  - 4
  directions:
  - en_es
  - es_en
- id: L4-202
  type: transformation
  tier: primary
  front_en: I love you (very serious)
  back_es: te amo
  hint: stronger than te quiero
  rule_ref: 'L4#1'
  lessons:
  - 4
  directions:
  - en_es
  - es_en
- id: L4-203
  type: transformation
  tier: primary
  front_en: opinion
  back_es: opinión
  hint: '-ion → -ión · /o-pi-NIÓN/'
  rule_ref: 'L4#4'
  lessons:
  - 4
  directions:
  - en_es
  - es_en
- id: L4-204
  type: transformation
  tier: primary
  front_en: conversation
  back_es: conversación
  hint: 'con + versación · ''with verses'''
  rule_ref: 'L4#5, L4#12'
  lessons:
  - 4
  directions:
  - en_es
  - es_en
- id: L4-205
  type: transformation
  tier: primary
  front_en: confrontation
  back_es: confrontación
  hint: 'con + frente — ''with the forehead'''
  rule_ref: 'L4#5, L4#12'
  lessons:
  - 4
  directions:
  - en_es
  - es_en
- id: L4-206
  type: transformation
  tier: primary
  front_en: forehead / front
  back_es: frente
  hint: hook for con-frontación
  rule_ref: 'L4#12'
  lessons:
  - 4
  directions:
  - en_es
  - es_en
- id: L4-207
  type: transformation
  tier: extended
  front_en: confirmation (not confermación)
  back_es: confirmación
  hint: 'positive transfer · don''t drag English ''confirm'' in'
  rule_ref: 'L4#10, L4#5'
  lessons:
  - 4
  directions:
  - en_es
  - es_en
- id: L4-210
  type: transformation
  tier: extended
  front_en: investigation
  back_es: investigación
  hint: '-tion → -ción'
  rule_ref: 'L4#5'
  lessons:
  - 4
  directions:
  - en_es
  - es_en
- id: L4-211
  type: transformation
  tier: extended
  front_en: to investigate
  back_es: investigar
  hint: '-ación → -ar'
  rule_ref: 'L4#9'
  lessons:
  - 4
  directions:
  - en_es
  - es_en
- id: L4-212
  type: transformation
  tier: extended
  front_en: communication
  back_es: comunicación
  hint: '-tion → -ción'
  rule_ref: 'L4#5'
  lessons:
  - 4
  directions:
  - en_es
  - es_en
- id: L4-213
  type: transformation
  tier: extended
  front_en: to communicate
  back_es: comunicar
  hint: '-ación → -ar'
  rule_ref: 'L4#9'
  lessons:
  - 4
  directions:
  - en_es
  - es_en
- id: L4-214
  type: transformation
  tier: extended
  front_en: declaration
  back_es: declaración
  hint: '-tion → -ción'
  rule_ref: 'L4#5'
  lessons:
  - 4
  directions:
  - en_es
  - es_en
- id: L4-215
  type: transformation
  tier: extended
  front_en: to declare
  back_es: declarar
  hint: '-ación → -ar'
  rule_ref: 'L4#9'
  lessons:
  - 4
  directions:
  - en_es
  - es_en
- id: L4-216
  type: transformation
  tier: extended
  front_en: dedication
  back_es: dedicación
  hint: '-tion → -ción'
  rule_ref: 'L4#5'
  lessons:
  - 4
  directions:
  - en_es
  - es_en
- id: L4-217
  type: transformation
  tier: extended
  front_en: to dedicate
  back_es: dedicar
  hint: '-ación → -ar'
  rule_ref: 'L4#9'
  lessons:
  - 4
  directions:
  - en_es
  - es_en
- id: L4-218
  type: transformation
  tier: extended
  front_en: operation
  back_es: operación
  hint: '-tion → -ción'
  rule_ref: 'L4#5'
  lessons:
  - 4
  directions:
  - en_es
  - es_en
- id: L4-219
  type: transformation
  tier: extended
  front_en: to operate
  back_es: operar
  hint: '-ación → -ar'
  rule_ref: 'L4#9'
  lessons:
  - 4
  directions:
  - en_es
  - es_en
- id: L4-220
  type: transformation
  tier: extended
  front_en: cooperation
  back_es: cooperación
  hint: '-tion → -ción'
  rule_ref: 'L4#5'
  lessons:
  - 4
  directions:
  - en_es
  - es_en
- id: L4-221
  type: transformation
  tier: extended
  front_en: to cooperate
  back_es: cooperar
  hint: '-ación → -ar'
  rule_ref: 'L4#9'
  lessons:
  - 4
  directions:
  - en_es
  - es_en
- id: L4-222
  type: transformation
  tier: extended
  front_en: coordination
  back_es: coordinación
  hint: '-tion → -ción'
  rule_ref: 'L4#5'
  lessons:
  - 4
  directions:
  - en_es
  - es_en
- id: L4-223
  type: transformation
  tier: extended
  front_en: to coordinate
  back_es: coordinar
  hint: '-ación → -ar'
  rule_ref: 'L4#9'
  lessons:
  - 4
  directions:
  - en_es
  - es_en
- id: L4-224
  type: transformation
  tier: extended
  front_en: relation
  back_es: relación
  hint: '-tion → -ción'
  rule_ref: 'L4#5'
  lessons:
  - 4
  directions:
  - en_es
  - es_en
- id: L4-225
  type: transformation
  tier: extended
  front_en: to relate
  back_es: relacionar
  hint: '-ación → -ar'
  rule_ref: 'L4#9'
  lessons:
  - 4
  directions:
  - en_es
  - es_en
- id: L4-230
  type: transformation
  tier: extended
  front_en: to dominate
  back_es: dominar
  hint: '-ación → -ar (dominación)'
  rule_ref: 'L4#9'
  lessons:
  - 4
  directions:
  - en_es
  - es_en
- id: L4-231
  type: transformation
  tier: extended
  front_en: to ignore
  back_es: ignorar
  hint: '-ación → -ar (ignorancia · no -ción cousin)'
  rule_ref: 'L4#9'
  lessons:
  - 4
  directions:
  - en_es
  - es_en
- id: L4-240
  type: sentence
  tier: extended
  front_en: I want to investigate.
  back_es: Quiero investigar.
  rule_ref: 'L4#2, L4#9'
  lessons:
  - 4
  directions:
  - en_es
  - es_en
- id: L4-241
  type: sentence
  tier: extended
  front_en: 'I don''t want to declare.'
  back_es: No quiero declarar.
  rule_ref: 'L4#3, L4#9'
  lessons:
  - 4
  directions:
  - en_es
  - es_en
- id: L4-242
  type: sentence
  tier: extended
  front_en: I want to cooperate.
  back_es: Quiero cooperar.
  rule_ref: 'L4#2, L4#9'
  lessons:
  - 4
  directions:
  - en_es
  - es_en
- id: L5-001
  type: transformation
  tier: primary
  front_en: I (for emphasis only)
  back_es: yo
  hint: drop unless stressing 'I'
  rule_ref: L5#1
  lessons:
  - 5
  directions:
  - en_es
  - es_en
- id: L5-002
  type: transformation
  tier: primary
  front_en: me / myself
  back_es: me
  hint: /meh/ — hooks onto end of verb
  rule_ref: L5#4
  lessons:
  - 5
  directions:
  - en_es
  - es_en
- id: L5-003
  type: transformation
  tier: primary
  front_en: it / him
  back_es: lo
  hint: sticks on end of the -r form
  rule_ref: L5#6
  lessons:
  - 5
  directions:
  - en_es
  - es_en
- id: L5-004
  type: transformation
  tier: primary
  front_en: but
  back_es: pero
  hint: single r — soft tap
  rule_ref: L5#8
  lessons:
  - 5
  directions:
  - en_es
  - es_en
- id: L5-005
  type: transformation
  tier: primary
  front_en: to celebrate
  back_es: celebrar
  hint: -ación → -ar
  rule_ref: L4#9
  lessons:
  - 4
  - 5
  directions:
  - en_es
  - es_en
- id: L5-006
  type: transformation
  tier: primary
  front_en: to inform
  back_es: informar
  hint: -ación → -ar
  rule_ref: L4#9
  lessons:
  - 4
  - 5
  directions:
  - en_es
  - es_en
- id: L5-007
  type: transformation
  tier: primary
  front_en: to oblige
  back_es: obligar
  hint: -ación → -ar · /o-bli-GAR/
  rule_ref: L4#9
  lessons:
  - 4
  - 5
  directions:
  - en_es
  - es_en
- id: L5-008
  type: transformation
  tier: primary
  front_en: to save
  back_es: salvar
  hint: -ación → -ar
  rule_ref: L4#9
  lessons:
  - 4
  - 5
  directions:
  - en_es
  - es_en
- id: L5-009
  type: transformation
  tier: primary
  front_en: to participate
  back_es: participar
  hint: -ación → -ar · syllable by syllable
  rule_ref: L4#9, L5#12
  lessons:
  - 4
  - 5
  directions:
  - en_es
  - es_en
- id: L5-010
  type: transformation
  tier: primary
  front_en: to create
  back_es: crear
  hint: -ación → -ar · take the long route
  rule_ref: L4#9, L5#13
  lessons:
  - 4
  - 5
  directions:
  - en_es
  - es_en
- id: L5-011
  type: transformation
  tier: primary
  front_en: to prepare myself / to get ready
  back_es: prepararme
  hint: preparar + me · pronoun on the end
  rule_ref: L5#4, L5#5
  lessons:
  - 5
  directions:
  - en_es
  - es_en
- id: L5-012
  type: transformation
  tier: primary
  front_en: to oblige you (informal)
  back_es: obligarte
  hint: obligar + te
  rule_ref: L5#5, L5#3
  lessons:
  - 5
  directions:
  - en_es
  - es_en
- id: L5-013
  type: transformation
  tier: primary
  front_en: to cancel it
  back_es: cancelarlo
  hint: cancelar + lo
  rule_ref: L5#6, L5#5
  lessons:
  - 5
  directions:
  - en_es
  - es_en
- id: L5-014
  type: transformation
  tier: primary
  front_en: to save him / to save it
  back_es: salvarlo
  hint: salvar + lo
  rule_ref: L5#6, L5#5
  lessons:
  - 5
  directions:
  - en_es
  - es_en
- id: L5-015
  type: transformation
  tier: primary
  front_en: experience
  back_es: experiencia
  hint: -ence → -encia
  rule_ref: L5#10
  lessons:
  - 5
  directions:
  - en_es
  - es_en
- id: L5-016
  type: transformation
  tier: primary
  front_en: difference
  back_es: diferencia
  hint: -ence → -encia · single f
  rule_ref: L5#10
  lessons:
  - 5
  directions:
  - en_es
  - es_en
- id: L5-017
  type: transformation
  tier: primary
  front_en: influence
  back_es: influencia
  hint: -ence → -encia
  rule_ref: L5#10
  lessons:
  - 5
  directions:
  - en_es
  - es_en
- id: L5-018
  type: transformation
  tier: primary
  front_en: existence
  back_es: existencia
  hint: -ence → -encia
  rule_ref: L5#10
  lessons:
  - 5
  directions:
  - en_es
  - es_en
- id: L5-019
  type: sentence
  tier: primary
  front_en: I want to get ready.
  back_es: Quiero prepararme.
  hint: literally 'prepare myself'
  rule_ref: L4#2, L5#4, L5#5
  lessons:
  - 4
  - 5
  directions:
  - en_es
  - es_en
- id: L5-020
  type: sentence
  tier: primary
  front_en: I don't want to oblige you.
  back_es: No quiero obligarte.
  hint: no quiero + obligar + te
  rule_ref: L4#3, L5#5
  lessons:
  - 4
  - 5
  directions:
  - en_es
  - es_en
- id: L5-021
  type: sentence
  tier: primary
  front_en: I want to cancel it.
  back_es: Quiero cancelarlo.
  rule_ref: L4#2, L5#6, L5#5
  lessons:
  - 4
  - 5
  directions:
  - en_es
  - es_en
- id: L5-022
  type: transformation
  tier: extended
  front_en: dog (rolled rr)
  back_es: perro
  hint: double rr rolls · vs pero (but)
  rule_ref: L5#8
  lessons:
  - 5
  directions:
  - en_es
  - es_en
- id: L5-023
  type: transformation
  tier: extended
  front_en: to illustrate
  back_es: ilustrar
  hint: -ación → -ar · root lus = light
  rule_ref: L4#9
  lessons:
  - 4
  - 5
  directions:
  - en_es
  - es_en
- id: L5-024
  type: transformation
  tier: extended
  front_en: to provoke
  back_es: provocar
  hint: -ación → -ar
  rule_ref: L4#9
  lessons:
  - 4
  - 5
  directions:
  - en_es
  - es_en
- id: L5-025
  type: transformation
  tier: extended
  front_en: to situate
  back_es: situar
  hint: -ación → -ar
  rule_ref: L4#9
  lessons:
  - 4
  - 5
  directions:
  - en_es
  - es_en
- id: L5-026
  type: transformation
  tier: extended
  front_en: to experiment / to experience
  back_es: experimentar
  hint: one verb covers both
  rule_ref: L5#11
  lessons:
  - 5
  directions:
  - en_es
  - es_en
- id: L5-027
  type: transformation
  tier: extended
  front_en: consistency
  back_es: consistencia
  hint: -ency → -encia
  rule_ref: L5#10
  lessons:
  - 5
  directions:
  - en_es
  - es_en
- id: L5-028
  type: transformation
  tier: extended
  front_en: inconsistency
  back_es: inconsistencia
  hint: -ency → -encia
  rule_ref: L5#10
  lessons:
  - 5
  directions:
  - en_es
  - es_en
- id: L5-029
  type: sentence
  tier: extended
  front_en: I want to celebrate.
  back_es: Quiero celebrar.
  rule_ref: L4#2, L4#9
  lessons:
  - 4
  - 5
  directions:
  - en_es
  - es_en
- id: L5-030
  type: sentence
  tier: extended
  front_en: I don't want to provoke you.
  back_es: No quiero provocarte.
  rule_ref: L4#3, L5#5
  lessons:
  - 4
  - 5
  directions:
  - en_es
  - es_en
- id: L5-200
  type: transformation
  tier: primary
  front_en: celebration
  back_es: celebración
  hint: '-tion → -ción'
  rule_ref: 'L4#5'
  lessons:
  - 4
  - 5
  directions:
  - en_es
  - es_en
- id: L5-201
  type: transformation
  tier: primary
  front_en: light
  back_es: luz
  hint: z = /s/ for most · root of ilustrar
  rule_ref: 'L4#7'
  lessons:
  - 4
  - 5
  directions:
  - en_es
  - es_en
- id: L5-202
  type: transformation
  tier: primary
  front_en: information
  back_es: información
  hint: '-tion → -ción'
  rule_ref: 'L4#5'
  lessons:
  - 4
  - 5
  directions:
  - en_es
  - es_en
- id: L5-203
  type: transformation
  tier: primary
  front_en: to inform myself / to find out
  back_es: informarme
  hint: informar + me
  rule_ref: 'L5#4, L5#5'
  lessons:
  - 5
  directions:
  - en_es
  - es_en
- id: L5-204
  type: transformation
  tier: primary
  front_en: obligation
  back_es: obligación
  hint: '-tion → -ción'
  rule_ref: 'L4#5'
  lessons:
  - 4
  - 5
  directions:
  - en_es
  - es_en
- id: L5-205
  type: transformation
  tier: primary
  front_en: to regulate
  back_es: regular
  hint: rolled r at start · -ación → -ar
  rule_ref: 'L4#9, L5#8'
  lessons:
  - 4
  - 5
  directions:
  - en_es
  - es_en
- id: L5-206
  type: transformation
  tier: primary
  front_en: salvation
  back_es: salvación
  hint: '-tion → -ción · soft v'
  rule_ref: 'L4#5'
  lessons:
  - 4
  - 5
  directions:
  - en_es
  - es_en
- id: L5-207
  type: transformation
  tier: primary
  front_en: situation
  back_es: situación
  hint: '-tion → -ción'
  rule_ref: 'L4#5'
  lessons:
  - 4
  - 5
  directions:
  - en_es
  - es_en
- id: L5-208
  type: transformation
  tier: primary
  front_en: participation
  back_es: participación
  hint: syllable by syllable · par-ti-ci-pa-CIÓN
  rule_ref: 'L4#5, L5#12'
  lessons:
  - 4
  - 5
  directions:
  - en_es
  - es_en
- id: L5-209
  type: transformation
  tier: primary
  front_en: creation
  back_es: creación
  hint: '-tion → -ción · go the long way'
  rule_ref: 'L4#5, L5#13'
  lessons:
  - 4
  - 5
  directions:
  - en_es
  - es_en
- id: L5-210
  type: transformation
  tier: extended
  front_en: experimentation
  back_es: experimentación
  hint: '-tion → -ción'
  rule_ref: 'L4#5'
  lessons:
  - 4
  - 5
  directions:
  - en_es
  - es_en
- id: L5-211
  type: transformation
  tier: extended
  front_en: experiment (noun)
  back_es: experimento
  hint: '-o ending · vs experiencia'
  rule_ref: 'L5#11'
  lessons:
  - 5
  directions:
  - en_es
  - es_en
- id: L5-212
  type: transformation
  tier: extended
  front_en: incongruence
  back_es: incongruencia
  hint: '-ence → -encia'
  rule_ref: 'L5#10'
  lessons:
  - 5
  directions:
  - en_es
  - es_en
- id: L5-220
  type: sentence
  tier: primary
  front_en: 'I don''t want.'
  back_es: Yo no quiero.
  hint: yo before no · matches English order
  rule_ref: 'L5#1, L5#2'
  lessons:
  - 5
  directions:
  - en_es
  - es_en
- id: L5-221
  type: sentence
  tier: extended
  front_en: 'I don''t want to cancel.'
  back_es: Yo no quiero cancelar.
  hint: yo-no-quiero order
  rule_ref: 'L5#2, L5#1'
  lessons:
  - 5
  directions:
  - en_es
  - es_en
- id: L5-222
  type: transformation
  tier: extended
  front_en: real
  back_es: real
  hint: rolled r at start · relaxed mouth
  rule_ref: 'L5#7, L5#8'
  lessons:
  - 5
  directions:
  - en_es
  - es_en
- id: L5-223
  type: transformation
  tier: extended
  front_en: hour (silent h preview)
  back_es: hora
  hint: word-initial h is silent — full rule in L6
  rule_ref: 'L5#9'
  lessons:
  - 5
  - 6
  directions:
  - en_es
  - es_en
- id: L5-230
  type: transformation
  tier: extended
  front_en: instance
  back_es: instancia
  hint: '-ance → -ancia'
  rule_ref: 'L5#10'
  lessons:
  - 5
  directions:
  - en_es
  - es_en
- id: L5-231
  type: transformation
  tier: extended
  front_en: circumstance
  back_es: circunstancia
  hint: '-ance → -ancia · note circun-'
  rule_ref: 'L5#10'
  lessons:
  - 5
  directions:
  - en_es
  - es_en
- id: L5-232
  type: transformation
  tier: extended
  front_en: presence
  back_es: presencia
  hint: '-ence → -encia'
  rule_ref: 'L5#10'
  lessons:
  - 5
  directions:
  - en_es
  - es_en
- id: L5-233
  type: transformation
  tier: extended
  front_en: absence
  back_es: ausencia
  hint: '-ence → -encia · ab- → au-'
  rule_ref: 'L5#10'
  lessons:
  - 5
  directions:
  - en_es
  - es_en
- id: L5-234
  type: transformation
  tier: extended
  front_en: reference
  back_es: referencia
  hint: '-ence → -encia'
  rule_ref: 'L5#10'
  lessons:
  - 5
  directions:
  - en_es
  - es_en
- id: L5-235
  type: transformation
  tier: extended
  front_en: intelligence
  back_es: inteligencia
  hint: '-ence → -encia · single l'
  rule_ref: 'L5#10'
  lessons:
  - 5
  directions:
  - en_es
  - es_en
- id: L5-236
  type: transformation
  tier: extended
  front_en: frequency
  back_es: frecuencia
  hint: '-ency → -encia · qu → cu'
  rule_ref: 'L5#10'
  lessons:
  - 5
  directions:
  - en_es
  - es_en
- id: L5-250
  type: sentence
  tier: extended
  front_en: I want to find out.
  back_es: Quiero informarme.
  hint: 'literally ''inform myself'''
  rule_ref: 'L4#2, L5#4, L5#5'
  lessons:
  - 4
  - 5
  directions:
  - en_es
  - es_en
- id: L5-251
  type: sentence
  tier: extended
  front_en: I want to save him.
  back_es: Quiero salvarlo.
  rule_ref: 'L4#2, L5#6, L5#5'
  lessons:
  - 4
  - 5
  directions:
  - en_es
  - es_en
- id: L5-252
  type: sentence
  tier: extended
  front_en: I want to regulate it.
  back_es: Quiero regularlo.
  rule_ref: 'L4#2, L5#6, L5#5'
  lessons:
  - 4
  - 5
  directions:
  - en_es
  - es_en
- id: L6-001
  type: transformation
  tier: primary
  front_en: I try / I'm trying
  back_es: intento
  hint: -o = I · derive from intención
  rule_ref: L6#1, L6#2, L6#3
  lessons:
  - 6
  directions:
  - en_es
  - es_en
- id: L6-002
  type: transformation
  tier: primary
  front_en: intention
  back_es: intención
  hint: -tion → -ción · cousin of intento
  rule_ref: L4#5
  lessons:
  - 4
  - 6
  directions:
  - en_es
  - es_en
- id: L6-006
  type: transformation
  tier: primary
  front_en: now
  back_es: ahora
  hint: silent h · /a-O-ra/ · a + hora
  rule_ref: L6#4, L6#7
  lessons:
  - 6
  directions:
  - en_es
  - es_en
- id: L6-007
  type: transformation
  tier: primary
  front_en: to (direction)
  back_es: a
  hint: from ahora = a + hora
  rule_ref: L6#8
  lessons:
  - 6
  directions:
  - en_es
  - es_en
- id: L6-008
  type: transformation
  tier: primary
  front_en: hour
  back_es: hora
  hint: silent h · /O-ra/
  rule_ref: L6#4, L6#8
  lessons:
  - 6
  directions:
  - en_es
  - es_en
- id: L6-009
  type: transformation
  tier: primary
  front_en: I go / I'm going
  back_es: voy
  hint: 'memory: voyage · soft b sound'
  rule_ref: L6#9, L6#10
  lessons:
  - 6
  directions:
  - en_es
  - es_en
- id: L6-010
  type: transformation
  tier: primary
  front_en: let's go
  back_es: vamos
  hint: /BA-mos/ · soft b
  rule_ref: L6#12, L6#10
  lessons:
  - 6
  directions:
  - en_es
  - es_en
- id: L6-012
  type: transformation
  tier: primary
  front_en: to publish
  back_es: publicar
  hint: -ación → -ar
  rule_ref: L4#9
  lessons:
  - 4
  - 6
  directions:
  - en_es
  - es_en
- id: L6-013
  type: transformation
  tier: primary
  front_en: to administrate
  back_es: administrar
  hint: -ación → -ar
  rule_ref: L4#9
  lessons:
  - 4
  - 6
  directions:
  - en_es
  - es_en
- id: L6-014
  type: transformation
  tier: primary
  front_en: to imitate
  back_es: imitar
  hint: -ación → -ar
  rule_ref: L4#9
  lessons:
  - 4
  - 6
  directions:
  - en_es
  - es_en
- id: L6-015
  type: transformation
  tier: primary
  front_en: to visit
  back_es: visitar
  hint: from visita(tion) · soft b on v
  rule_ref: L6#14, L6#10
  lessons:
  - 6
  directions:
  - en_es
  - es_en
- id: L6-016
  type: transformation
  tier: primary
  front_en: to publish it
  back_es: publicarlo
  hint: publicar + lo
  rule_ref: L5#6, L5#5
  lessons:
  - 5
  - 6
  directions:
  - en_es
  - es_en
- id: L6-017
  type: transformation
  tier: primary
  front_en: to visit him / to visit it
  back_es: visitarlo
  hint: visitar + lo
  rule_ref: L5#6, L5#5
  lessons:
  - 5
  - 6
  directions:
  - en_es
  - es_en
- id: L6-018
  type: sentence
  tier: primary
  front_en: I'm trying to publish it.
  back_es: Intento publicarlo.
  hint: intento + publicar + lo
  rule_ref: L6#1, L5#6, L5#5
  lessons:
  - 5
  - 6
  directions:
  - en_es
  - es_en
- id: L6-019
  type: sentence
  tier: primary
  front_en: I'm trying to imitate him.
  back_es: Intento imitarlo.
  rule_ref: L6#1, L5#6, L5#5
  lessons:
  - 5
  - 6
  directions:
  - en_es
  - es_en
- id: L6-020
  type: sentence
  tier: primary
  front_en: I'm going now.
  back_es: Voy ahora.
  hint: silent h on ahora
  rule_ref: L6#9, L6#7
  lessons:
  - 6
  directions:
  - en_es
  - es_en
- id: L6-021
  type: sentence
  tier: primary
  front_en: I want to visit him.
  back_es: Quiero visitarlo.
  rule_ref: L4#2, L5#6, L5#5
  lessons:
  - 4
  - 5
  - 6
  directions:
  - en_es
  - es_en
- id: L6-022
  type: transformation
  tier: extended
  front_en: habitually
  back_es: habitualmente
  hint: habitual + -mente · silent h
  rule_ref: L3#3, L6#4
  lessons:
  - 3
  - 6
  directions:
  - en_es
  - es_en
- id: L6-025
  type: transformation
  tier: extended
  front_en: convenient
  back_es: conveniente
  hint: -ent → -ente · soft b on v
  rule_ref: L3#1, L6#10
  lessons:
  - 3
  - 6
  directions:
  - en_es
  - es_en
- id: L6-026
  type: transformation
  tier: extended
  front_en: to administrate it
  back_es: administrarlo
  hint: administrar + lo
  rule_ref: L5#6, L5#5
  lessons:
  - 5
  - 6
  directions:
  - en_es
  - es_en
- id: L6-027
  type: sentence
  tier: extended
  front_en: I'm trying to administrate it.
  back_es: Intento administrarlo.
  rule_ref: L6#1, L5#6, L5#5
  lessons:
  - 5
  - 6
  directions:
  - en_es
  - es_en
- id: L6-028
  type: sentence
  tier: extended
  front_en: I'm not going now.
  back_es: No voy ahora.
  rule_ref: L4#3, L6#9, L6#7
  lessons:
  - 4
  - 6
  directions:
  - en_es
  - es_en
- id: L6-029
  type: sentence
  tier: extended
  front_en: It's horrible.
  back_es: Es horrible.
  hint: silent h · rolled rr
  rule_ref: L2#7, L6#4, L6#6
  lessons:
  - 2
  - 6
  directions:
  - en_es
  - es_en
- id: L6-030
  type: sentence
  tier: extended
  front_en: It is not visible.
  back_es: No es visible.
  rule_ref: L2#9, L2#7, L6#13
  lessons:
  - 2
  - 6
  directions:
  - en_es
  - es_en
- id: L6-200
  type: transformation
  tier: primary
  front_en: imitation
  back_es: imitación
  hint: '-tion → -ción'
  rule_ref: 'L4#5'
  lessons:
  - 4
  - 6
  directions:
  - en_es
  - es_en
- id: L6-201
  type: transformation
  tier: primary
  front_en: hospital
  back_es: hospital
  hint: silent h · /os-pi-TAL/
  rule_ref: 'L6#4'
  lessons:
  - 6
  directions:
  - en_es
  - es_en
- id: L6-202
  type: transformation
  tier: primary
  front_en: habitual
  back_es: habitual
  hint: silent h · /a-bi-TUAL/
  rule_ref: 'L6#4'
  lessons:
  - 6
  directions:
  - en_es
  - es_en
- id: L6-203
  type: transformation
  tier: primary
  front_en: viral
  back_es: viral
  hint: '-al stays · soft v'
  rule_ref: 'L2#2, L6#10'
  lessons:
  - 2
  - 6
  directions:
  - en_es
  - es_en
- id: L6-204
  type: transformation
  tier: primary
  front_en: virus
  back_es: virus
  hint: same as English · clean /s/ · soft v
  rule_ref: 'L6#10, L6#13'
  lessons:
  - 6
  directions:
  - en_es
  - es_en
- id: L6-210
  type: transformation
  tier: extended
  front_en: hotel
  back_es: hotel
  hint: silent h · /o-TEL/
  rule_ref: 'L6#4'
  lessons:
  - 6
  directions:
  - en_es
  - es_en
- id: L6-211
  type: transformation
  tier: extended
  front_en: habit
  back_es: hábito
  hint: silent h · stress HÁ-bi-to
  rule_ref: 'L6#4'
  lessons:
  - 6
  directions:
  - en_es
  - es_en
- id: L6-212
  type: transformation
  tier: extended
  front_en: human
  back_es: humano
  hint: silent h · /u-MA-no/
  rule_ref: 'L6#4'
  lessons:
  - 6
  directions:
  - en_es
  - es_en
- id: L6-213
  type: transformation
  tier: extended
  front_en: honor
  back_es: honor
  hint: silent h · /o-NOR/
  rule_ref: 'L6#4'
  lessons:
  - 6
  directions:
  - en_es
  - es_en
- id: L6-214
  type: transformation
  tier: extended
  front_en: chocolate
  back_es: chocolate
  hint: ch = English /ch/ · only time h has sound
  rule_ref: 'L6#5'
  lessons:
  - 6
  directions:
  - en_es
  - es_en
- id: L6-215
  type: transformation
  tier: extended
  front_en: visible (soft b on v)
  back_es: visible
  hint: no air-burst on the v · /vi-SI-ble/
  rule_ref: 'L6#10, L6#11, L6#13'
  lessons:
  - 6
  directions:
  - en_es
  - es_en
- id: L6-220
  type: sentence
  tier: extended
  front_en: 'I''m trying to imitate.'
  back_es: Intento imitar.
  rule_ref: 'L6#1, L4#9'
  lessons:
  - 4
  - 6
  directions:
  - en_es
  - es_en
- id: L6-221
  type: sentence
  tier: extended
  front_en: I want to visit the hospital.
  back_es: Quiero visitar el hospital.
  hint: silent h on hospital
  rule_ref: 'L4#2, L6#4, L6#14'
  lessons:
  - 4
  - 6
  directions:
  - en_es
  - es_en
- id: L7-001
  type: transformation
  tier: primary
  front_en: to see
  back_es: ver
  hint: 'memory: view'
  rule_ref: L7#7
  lessons:
  - 7
  directions:
  - en_es
  - es_en
- id: L7-002
  type: transformation
  tier: primary
  front_en: to try
  back_es: intentar
  hint: the -ar form of intento
  rule_ref: L7#11
  lessons:
  - 7
  directions:
  - en_es
  - es_en
- id: L7-003
  type: transformation
  tier: primary
  front_en: them
  back_es: los
  hint: lo + s · plural of lo
  rule_ref: L7#9
  lessons:
  - 7
  directions:
  - en_es
  - es_en
- id: L7-004
  type: transformation
  tier: primary
  front_en: something
  back_es: algo
  hint: /AL-go/
  rule_ref: L7#6
  lessons:
  - 7
  directions:
  - en_es
  - es_en
- id: L7-005
  type: transformation
  tier: primary
  front_en: to pass / to pass by
  back_es: pasar
  hint: motion verb — wants 'a' before next verb
  rule_ref: L7#13, L7#3
  lessons:
  - 7
  directions:
  - en_es
  - es_en
- id: L7-006
  type: transformation
  tier: primary
  front_en: to continue
  back_es: continuar
  hint: -ación → -ar · 'carry on'
  rule_ref: L4#9, L7#1
  lessons:
  - 4
  - 7
  directions:
  - en_es
  - es_en
- id: L7-007
  type: transformation
  tier: primary
  front_en: to demonstrate
  back_es: demostrar
  hint: -ación → -ar · no n
  rule_ref: L4#9, L7#5
  lessons:
  - 4
  - 7
  directions:
  - en_es
  - es_en
- id: L7-008
  type: transformation
  tier: primary
  front_en: to show
  back_es: mostrar
  hint: drop de- from demostrar
  rule_ref: L7#5
  lessons:
  - 7
  directions:
  - en_es
  - es_en
- id: L7-009
  type: transformation
  tier: primary
  front_en: to see them
  back_es: verlos
  hint: ver + los
  rule_ref: L7#9, L5#5
  lessons:
  - 5
  - 7
  directions:
  - en_es
  - es_en
- id: L7-010
  type: transformation
  tier: primary
  front_en: to show you (informal)
  back_es: mostrarte
  hint: mostrar + te
  rule_ref: L7#8, L5#5
  lessons:
  - 5
  - 7
  directions:
  - en_es
  - es_en
- id: L7-011
  type: transformation
  tier: primary
  front_en: to confiscate it
  back_es: confiscarlo
  hint: confiscar + lo
  rule_ref: L5#6, L5#5
  lessons:
  - 5
  - 7
  directions:
  - en_es
  - es_en
- id: L7-012
  type: transformation
  tier: primary
  front_en: to examine it
  back_es: examinarlo
  hint: examinar + lo
  rule_ref: L5#6, L5#5
  lessons:
  - 5
  - 7
  directions:
  - en_es
  - es_en
- id: L7-013
  type: sentence
  tier: primary
  front_en: I'm going to continue.
  back_es: Voy a continuar.
  hint: voy + a (motion) + verb
  rule_ref: L7#2, L7#3
  lessons:
  - 7
  directions:
  - en_es
  - es_en
- id: L7-014
  type: sentence
  tier: primary
  front_en: I'm going to try.
  back_es: Voy a intentar.
  rule_ref: L7#2, L7#3, L7#11
  lessons:
  - 7
  directions:
  - en_es
  - es_en
- id: L7-015
  type: sentence
  tier: primary
  front_en: I'm going to see them.
  back_es: Voy a verlos.
  hint: voy a + ver + los
  rule_ref: L7#2, L7#9
  lessons:
  - 7
  directions:
  - en_es
  - es_en
- id: L7-016
  type: sentence
  tier: primary
  front_en: I want to see them.
  back_es: Quiero verlos.
  hint: no 'a' — quiero is not motion
  rule_ref: L4#2, L7#9, L7#10
  lessons:
  - 4
  - 7
  directions:
  - en_es
  - es_en
- id: L7-017
  type: sentence
  tier: primary
  front_en: I'm trying to see them.
  back_es: Intento verlos.
  hint: no 'a' — intento is not motion
  rule_ref: L6#1, L7#9, L7#10
  lessons:
  - 6
  - 7
  directions:
  - en_es
  - es_en
- id: L7-018
  type: sentence
  tier: primary
  front_en: I'm going to confiscate it.
  back_es: Voy a confiscarlo.
  rule_ref: L7#2, L5#6
  lessons:
  - 5
  - 7
  directions:
  - en_es
  - es_en
- id: L7-019
  type: sentence
  tier: primary
  front_en: I'm going to examine it.
  back_es: Voy a examinarlo.
  rule_ref: L7#2, L5#6
  lessons:
  - 5
  - 7
  directions:
  - en_es
  - es_en
- id: L7-020
  type: sentence
  tier: primary
  front_en: I want to show you something.
  back_es: Quiero mostrarte algo.
  rule_ref: L4#2, L7#8, L7#6
  lessons:
  - 4
  - 7
  directions:
  - en_es
  - es_en
- id: L7-021
  type: sentence
  tier: primary
  front_en: I'm going to pass by.
  back_es: Voy a pasar.
  hint: voy a + pasar (motion verb)
  rule_ref: L7#2, L7#3, L7#13
  lessons:
  - 7
  directions:
  - en_es
  - es_en
- id: L7-023
  type: transformation
  tier: extended
  front_en: formally
  back_es: formalmente
  hint: -ly → -mente
  rule_ref: L3#3
  lessons:
  - 3
  - 7
  directions:
  - en_es
  - es_en
- id: L7-024
  type: transformation
  tier: extended
  front_en: to continue it
  back_es: continuarlo
  hint: continuar + lo
  rule_ref: L5#6, L5#5
  lessons:
  - 5
  - 7
  directions:
  - en_es
  - es_en
- id: L7-025
  type: transformation
  tier: extended
  front_en: to visit you (formal) / to visit him
  back_es: visitarlo
  hint: lo also = formal 'you'
  rule_ref: L7#14
  lessons:
  - 7
  directions:
  - en_es
  - es_en
- id: L7-026
  type: transformation
  tier: extended
  front_en: to visit you (informal)
  back_es: visitarte
  hint: visitar + te
  rule_ref: L7#8, L5#5
  lessons:
  - 5
  - 7
  directions:
  - en_es
  - es_en
- id: L7-027
  type: sentence
  tier: extended
  front_en: I want to continue.
  back_es: Quiero continuar.
  rule_ref: L4#2, L4#9
  lessons:
  - 4
  - 7
  directions:
  - en_es
  - es_en
- id: L7-028
  type: sentence
  tier: extended
  front_en: I'm trying to continue.
  back_es: Intento continuar.
  rule_ref: L6#1, L4#9
  lessons:
  - 6
  - 7
  directions:
  - en_es
  - es_en
- id: L7-029
  type: sentence
  tier: extended
  front_en: I'm going to try to see them.
  back_es: Voy a intentar verlos.
  hint: only voy needs the a
  rule_ref: L7#2, L7#12, L7#10
  lessons:
  - 7
  directions:
  - en_es
  - es_en
- id: L7-030
  type: sentence
  tier: extended
  front_en: I'm going to pass by to visit.
  back_es: Voy a pasar a visitar.
  hint: both motion verbs — both need a
  rule_ref: L7#2, L7#13, L7#15
  lessons:
  - 7
  directions:
  - en_es
  - es_en
- id: L7-200
  type: transformation
  tier: primary
  front_en: continuation
  back_es: continuación
  hint: '-tion → -ción · ''carry on'' cousin'
  rule_ref: 'L4#5, L7#1'
  lessons:
  - 4
  - 7
  directions:
  - en_es
  - es_en
- id: L7-201
  type: transformation
  tier: primary
  front_en: demonstration
  back_es: demostración
  hint: '-tion → -ción · no n in Spanish'
  rule_ref: 'L4#5, L7#5'
  lessons:
  - 4
  - 7
  directions:
  - en_es
  - es_en
- id: L7-202
  type: transformation
  tier: primary
  front_en: formal
  back_es: formal
  hint: '-al stays'
  rule_ref: 'L2#2'
  lessons:
  - 2
  - 7
  directions:
  - en_es
  - es_en
- id: L7-203
  type: sentence
  tier: primary
  front_en: 'I''m going to demonstrate.'
  back_es: Voy a demostrar.
  rule_ref: 'L7#2, L7#3, L7#4'
  lessons:
  - 7
  directions:
  - en_es
  - es_en
- id: L7-204
  type: sentence
  tier: primary
  front_en: 'I''m going to show you.'
  back_es: Voy a mostrarte.
  hint: voy a + mostrar + te
  rule_ref: 'L7#2, L7#3, L7#4, L7#8'
  lessons:
  - 7
  directions:
  - en_es
  - es_en
- id: L7-205
  type: sentence
  tier: primary
  front_en: 'I''m going to visit him.'
  back_es: Voy a visitarlo.
  rule_ref: 'L7#2, L7#4'
  lessons:
  - 7
  directions:
  - en_es
  - es_en
- id: L7-206
  type: sentence
  tier: primary
  front_en: 'I''m going to investigate it.'
  back_es: Voy a investigarlo.
  hint: voy a + investigar + lo
  rule_ref: 'L7#2, L7#4, L5#6'
  lessons:
  - 5
  - 7
  directions:
  - en_es
  - es_en
- id: L7-207
  type: sentence
  tier: extended
  front_en: Going to pass by to visit him.
  back_es: Voy a pasar a visitarlo.
  hint: both motion verbs — both need a
  rule_ref: 'L7#13, L7#15, L7#16'
  lessons:
  - 7
  directions:
  - en_es
  - es_en
- id: L7-208
  type: sentence
  tier: extended
  front_en: 'I''m going to try to see them.'
  back_es: Voy a intentar verlos.
  hint: intentar not motion · no extra a
  rule_ref: 'L7#10, L7#12, L7#16'
  lessons:
  - 7
  directions:
  - en_es
  - es_en
- id: L7-209
  type: sentence
  tier: extended
  front_en: 'I''m going to celebrate.'
  back_es: Voy a celebrar.
  rule_ref: 'L7#2, L7#4'
  lessons:
  - 7
  directions:
  - en_es
  - es_en
- id: L7-210
  type: sentence
  tier: extended
  front_en: 'I''m going to prepare.'
  back_es: Voy a preparar.
  rule_ref: 'L7#2, L7#4'
  lessons:
  - 7
  directions:
  - en_es
  - es_en
- id: L7-211
  type: sentence
  tier: extended
  front_en: 'I''m going to inform myself.'
  back_es: Voy a informarme.
  hint: voy a + informar + me
  rule_ref: 'L7#2, L7#4, L5#4'
  lessons:
  - 5
  - 7
  directions:
  - en_es
  - es_en
- id: L7-212
  type: sentence
  tier: extended
  front_en: I want to see them now.
  back_es: Quiero verlos ahora.
  hint: no a — quiero is not motion
  rule_ref: 'L7#9, L7#10, L6#7'
  lessons:
  - 6
  - 7
  directions:
  - en_es
  - es_en
- id: L7-213
  type: sentence
  tier: extended
  front_en: 'I''m passing by to see them.'
  back_es: Voy a pasar a verlos.
  hint: pasar is motion · second a needed
  rule_ref: 'L7#13, L7#15, L7#9'
  lessons:
  - 7
  directions:
  - en_es
  - es_en
- id: L7-214
  type: sentence
  tier: extended
  front_en: 'I''m going to coordinate it.'
  back_es: Voy a coordinarlo.
  rule_ref: 'L7#2, L7#4, L5#6'
  lessons:
  - 5
  - 7
  directions:
  - en_es
  - es_en
- id: L7-215
  type: sentence
  tier: extended
  front_en: 'I''m going to continue it.'
  back_es: Voy a continuarlo.
  rule_ref: 'L7#2, L7#4, L5#6'
  lessons:
  - 5
  - 7
  directions:
  - en_es
  - es_en
