topic: "Verb unlock + first object pronouns (combining L1-5)"
lessons: [4, 5]
cards:
  # ---------------- Adverb (L3 -mente) + quiero (L4) + -ar verb (L4-killer) ----------------
  # Manner-adverbs from L3 wrapping L4 quiero + infinitive structures.

  - id: t04_05-001
    type: sentence
    tier: extended
    front_en: "Naturally I want to confirm."
    back_es: "Naturalmente quiero confirmar."
    hint: "-mente · quiero · -ar"
    rule_ref: "L3#3, L4#2, L4#9"
    lessons: [5]
    directions: [en_es, es_en]

  - id: t04_05-002
    type: sentence
    tier: extended
    front_en: "Generally I don't want to confirm."
    back_es: "Generalmente no quiero confirmar."
    hint: "-mente · no quiero · -ar"
    rule_ref: "L3#3, L3#7, L4#3, L4#9"
    lessons: [5]
    directions: [en_es, es_en]

  - id: t04_05-003
    type: sentence
    tier: extended
    front_en: "Normally I want to participate."
    back_es: "Normalmente quiero participar."
    hint: "-mente · quiero · -ar"
    rule_ref: "L3#3, L3#6, L4#2, L4#9"
    lessons: [5]
    directions: [en_es, es_en]

  - id: t04_05-004
    type: sentence
    tier: extended
    front_en: "Normally I don't want to participate."
    back_es: "Normalmente no quiero participar."
    hint: "-mente · no quiero · -ar"
    rule_ref: "L3#3, L3#6, L4#3, L4#9"
    lessons: [5]
    directions: [en_es, es_en]

  - id: t04_05-005
    type: sentence
    tier: extended
    front_en: "Probably I want to celebrate."
    back_es: "Probablemente quiero celebrar."
    hint: "-mente · quiero · -ar"
    rule_ref: "L3#3, L3#8, L4#2, L4#9"
    lessons: [5]
    directions: [en_es, es_en]

  - id: t04_05-006
    type: sentence
    tier: extended
    front_en: "Probably I don't want to celebrate."
    back_es: "Probablemente no quiero celebrar."
    hint: "-mente · no quiero · -ar"
    rule_ref: "L3#3, L3#8, L4#3, L4#9"
    lessons: [5]
    directions: [en_es, es_en]

  - id: t04_05-007
    type: sentence
    tier: extended
    front_en: "Possibly I want to inform you."
    back_es: "Posiblemente quiero informarte."
    hint: "-mente · quiero · -te"
    rule_ref: "L3#3, L3#8, L4#2, L5#5"
    lessons: [5]
    directions: [en_es, es_en]

  - id: t04_05-008
    type: sentence
    tier: extended
    front_en: "Really I want to celebrate it."
    back_es: "Realmente quiero celebrarlo."
    hint: "-mente · quiero · -lo"
    rule_ref: "L3#3, L3#4, L4#2, L5#6"
    lessons: [5]
    directions: [en_es, es_en]

  - id: t04_05-009
    type: sentence
    tier: extended
    front_en: "Really I don't want to cancel it."
    back_es: "Realmente no quiero cancelarlo."
    hint: "-mente · no quiero · -lo"
    rule_ref: "L3#3, L3#4, L4#3, L5#6"
    lessons: [5]
    directions: [en_es, es_en]

  - id: t04_05-010
    type: sentence
    tier: extended
    front_en: "Urgently I want to confirm."
    back_es: "Urgentemente quiero confirmar."
    hint: "-mente · quiero · -ar"
    rule_ref: "L3#3, L4#2, L4#9"
    lessons: [5]
    directions: [en_es, es_en]

  - id: t04_05-011
    type: sentence
    tier: extended
    front_en: "Constantly I want to participate."
    back_es: "Constantemente quiero participar."
    hint: "-mente · quiero · -ar"
    rule_ref: "L3#3, L4#2, L4#9"
    lessons: [5]
    directions: [en_es, es_en]

  - id: t04_05-012
    type: sentence
    tier: extended
    front_en: "Frequently I want to celebrate."
    back_es: "Frecuentemente quiero celebrar."
    hint: "-mente · quiero · -ar"
    rule_ref: "L3#3, L4#2, L4#9"
    lessons: [5]
    directions: [en_es, es_en]

  # ---------------- es/no es (L2) + L4-5 -ación nouns ----------------

  - id: t04_05-013
    type: sentence
    tier: extended
    front_en: "It's a celebration."
    back_es: "Es una celebración."
    hint: "es · -ción"
    rule_ref: "L2#7, L4#5"
    lessons: [5]
    directions: [en_es, es_en]

  - id: t04_05-014
    type: sentence
    tier: extended
    front_en: "It's not a celebration."
    back_es: "No es una celebración."
    hint: "no es · -ción"
    rule_ref: "L2#9, L4#5"
    lessons: [5]
    directions: [en_es, es_en]

  - id: t04_05-015
    type: sentence
    tier: extended
    front_en: "It's an obligation."
    back_es: "Es una obligación."
    hint: "es · -ción"
    rule_ref: "L2#7, L4#5"
    lessons: [5]
    directions: [en_es, es_en]

  - id: t04_05-016
    type: sentence
    tier: extended
    front_en: "It's not an obligation."
    back_es: "No es una obligación."
    hint: "no es · -ción"
    rule_ref: "L2#9, L4#5"
    lessons: [5]
    directions: [en_es, es_en]

  - id: t04_05-017
    type: sentence
    tier: extended
    front_en: "It's a situation."
    back_es: "Es una situación."
    hint: "es · -ción"
    rule_ref: "L2#7, L4#5"
    lessons: [5]
    directions: [en_es, es_en]

  - id: t04_05-018
    type: sentence
    tier: extended
    front_en: "It's a difference."
    back_es: "Es una diferencia."
    hint: "es · -encia"
    rule_ref: "L2#7, L5#10"
    lessons: [5]
    directions: [en_es, es_en]

  - id: t04_05-019
    type: sentence
    tier: extended
    front_en: "It's not a difference."
    back_es: "No es una diferencia."
    hint: "no es · -encia"
    rule_ref: "L2#9, L5#10"
    lessons: [5]
    directions: [en_es, es_en]

  - id: t04_05-020
    type: sentence
    tier: extended
    front_en: "It's an experience."
    back_es: "Es una experiencia."
    hint: "es · -encia"
    rule_ref: "L2#7, L5#10"
    lessons: [5]
    directions: [en_es, es_en]

  # ---------------- adjective + es (L2-3) describing an L4-5 noun ----------------

  - id: t04_05-021
    type: sentence
    tier: extended
    front_en: "It's an important conversation."
    back_es: "Es una conversación importante."
    hint: "noun · adj"
    rule_ref: "L2#7, L3#1, L4#5"
    lessons: [5]
    directions: [en_es, es_en]

  - id: t04_05-022
    type: sentence
    tier: extended
    front_en: "It's an urgent confirmation."
    back_es: "Es una confirmación urgente."
    hint: "noun · adj"
    rule_ref: "L2#7, L3#1, L4#5"
    lessons: [5]
    directions: [en_es, es_en]

  - id: t04_05-023
    type: sentence
    tier: extended
    front_en: "It's a different opinion."
    back_es: "Es una opinión diferente."
    hint: "noun · adj"
    rule_ref: "L2#7, L3#1, L4#4"
    lessons: [5]
    directions: [en_es, es_en]

  - id: t04_05-024
    type: sentence
    tier: extended
    front_en: "It's a permanent situation."
    back_es: "Es una situación permanente."
    hint: "noun · adj"
    rule_ref: "L2#7, L3#1, L4#5"
    lessons: [5]
    directions: [en_es, es_en]

  - id: t04_05-025
    type: sentence
    tier: extended
    front_en: "It's not a normal celebration."
    back_es: "No es una celebración normal."
    hint: "noun · -al"
    rule_ref: "L2#9, L2#2, L4#5"
    lessons: [5]
    directions: [en_es, es_en]

  - id: t04_05-026
    type: sentence
    tier: extended
    front_en: "It's a cultural celebration."
    back_es: "Es una celebración cultural."
    hint: "noun · -al"
    rule_ref: "L2#7, L2#2, L4#5"
    lessons: [5]
    directions: [en_es, es_en]

  - id: t04_05-027
    type: sentence
    tier: extended
    front_en: "It's a personal experience."
    back_es: "Es una experiencia personal."
    hint: "noun · -al"
    rule_ref: "L2#7, L2#2, L5#10"
    lessons: [5]
    directions: [en_es, es_en]

  # ---------------- L2 es + adjective describing L4-5 verb-form ----------------

  - id: t04_05-028
    type: sentence
    tier: extended
    front_en: "It's important to confirm."
    back_es: "Es importante confirmar."
    hint: "es + adj + -ar"
    rule_ref: "L2#7, L3#1, L4#9"
    lessons: [5]
    directions: [en_es, es_en]

  - id: t04_05-029
    type: sentence
    tier: extended
    front_en: "It's not important to confirm."
    back_es: "No es importante confirmar."
    hint: "no es + adj + -ar"
    rule_ref: "L2#9, L3#1, L4#9"
    lessons: [5]
    directions: [en_es, es_en]

  - id: t04_05-030
    type: sentence
    tier: extended
    front_en: "It's urgent to confirm."
    back_es: "Es urgente confirmar."
    hint: "es + adj + -ar"
    rule_ref: "L2#7, L3#1, L4#9"
    lessons: [5]
    directions: [en_es, es_en]

  - id: t04_05-031
    type: sentence
    tier: extended
    front_en: "It's possible to participate."
    back_es: "Es posible participar."
    hint: "es + -ible + -ar"
    rule_ref: "L2#7, L3#8, L4#9"
    lessons: [5]
    directions: [en_es, es_en]

  - id: t04_05-032
    type: sentence
    tier: extended
    front_en: "It's not possible to confirm."
    back_es: "No es posible confirmar."
    hint: "no es + -ible + -ar"
    rule_ref: "L2#9, L3#8, L4#9"
    lessons: [5]
    directions: [en_es, es_en]

  - id: t04_05-033
    type: sentence
    tier: extended
    front_en: "It's important to celebrate."
    back_es: "Es importante celebrar."
    hint: "es + adj + -ar"
    rule_ref: "L2#7, L3#1, L4#9"
    lessons: [5]
    directions: [en_es, es_en]

  - id: t04_05-034
    type: sentence
    tier: extended
    front_en: "It's possible to save him."
    back_es: "Es posible salvarlo."
    hint: "es + -ible + -lo"
    rule_ref: "L2#7, L3#8, L5#6"
    lessons: [5]
    directions: [en_es, es_en]

  - id: t04_05-035
    type: sentence
    tier: extended
    front_en: "It's not possible to cancel it."
    back_es: "No es posible cancelarlo."
    hint: "no es + -ible + -lo"
    rule_ref: "L2#9, L3#8, L5#6"
    lessons: [5]
    directions: [en_es, es_en]

  # ---------------- yo (L5) + adverb (L3) + quiero structures ----------------

  - id: t04_05-036
    type: sentence
    tier: extended
    front_en: "I myself normally don't want to."
    back_es: "Yo normalmente no quiero."
    hint: "yo · -mente · no quiero"
    rule_ref: "L5#1, L3#3, L3#6, L4#3"
    lessons: [5]
    directions: [en_es, es_en]

  - id: t04_05-037
    type: sentence
    tier: extended
    front_en: "I myself really don't want to sign."
    back_es: "Yo realmente no quiero firmar."
    hint: "yo · -mente · no quiero · -ar"
    rule_ref: "L5#1, L3#3, L3#4, L4#3, L4#12"
    lessons: [5]
    directions: [en_es, es_en]

  - id: t04_05-038
    type: sentence
    tier: extended
    front_en: "I myself want to save him."
    back_es: "Yo quiero salvarlo."
    hint: "yo · quiero · -lo"
    rule_ref: "L5#1, L4#2, L5#6"
    lessons: [5]
    directions: [en_es, es_en]

  # ---------------- te quiero negation + adverb ----------------

  - id: t04_05-039
    type: sentence
    tier: extended
    front_en: "Really I love you."
    back_es: "Realmente te quiero."
    hint: "-mente · te quiero"
    rule_ref: "L3#3, L3#4, L4#1"
    lessons: [5]
    directions: [en_es, es_en]

  - id: t04_05-040
    type: sentence
    tier: extended
    front_en: "Really I don't love you."
    back_es: "Realmente no te quiero."
    hint: "-mente · no te quiero"
    rule_ref: "L3#3, L3#4, L4#1, L4#3"
    lessons: [5]
    directions: [en_es, es_en]
